# This file was autogenerated by Stack.
# You should not edit this file by hand.
# For more information, please see the documentation at:
#   https://docs.haskellstack.org/en/stable/lock_files

packages:
- completed:
    hackage: colonnade-1.2.0.2@sha256:5ace17fac5a758a1a0f3a4b36f016ecb641a710dc13769608e94a278c8534510,2099
    pantry-tree:
      sha256: 056c2c7c652f0c2c5811131552ab7cd6ffe7705282b1303b1d186ede2de57918
      size: 327
  original:
    hackage: colonnade-1.2.0.2
snapshots:
- completed:
    sha256: 85d2382958c178491d3fe50d770a624621f5ab456beef7d31ac7521f780c9bc7
    size: 640042
    url: https://raw.githubusercontent.com/commercialhaskell/stackage-snapshots/master/lts/21/17.yaml
  original: lts-21.17
